// !$*UTF8*$!
{
	archiveVersion = 1;
	classes = {
	};
	objectVersion = 56;
	objects = {

/* Begin PBXBuildFile section */
		B4251CC629EC910A006FB517 /* SavedSearchesDatabase.swift in Sources */ = {isa = PBXBuildFile; fileRef = B4251CC529EC910A006FB517 /* SavedSearchesDatabase.swift */; };
		B4251CC829EDE0CF006FB517 /* HourlyWeatherCell.swift in Sources */ = {isa = PBXBuildFile; fileRef = B4251CC729EDE0CF006FB517 /* HourlyWeatherCell.swift */; };
		B4251CCA29EF4050006FB517 /* DailyForecastCell.swift in Sources */ = {isa = PBXBuildFile; fileRef = B4251CC929EF4050006FB517 /* DailyForecastCell.swift */; };
		B4251CCC29F08086006FB517 /* DailyWeatherResponse.swift in Sources */ = {isa = PBXBuildFile; fileRef = B4251CCB29F08086006FB517 /* DailyWeatherResponse.swift */; };
		B4251CCE29F080B7006FB517 /* DailyForecast.swift in Sources */ = {isa = PBXBuildFile; fileRef = B4251CCD29F080B7006FB517 /* DailyForecast.swift */; };
		B42B3F3429E9CEC300D89693 /* AppDelegate.swift in Sources */ = {isa = PBXBuildFile; fileRef = B42B3F3329E9CEC300D89693 /* AppDelegate.swift */; };
		B42B3F3829E9CEC300D89693 /* SearchViewController.swift in Sources */ = {isa = PBXBuildFile; fileRef = B42B3F3729E9CEC300D89693 /* SearchViewController.swift */; };
		B42B3F3B29E9CEC300D89693 /* Main.storyboard in Resources */ = {isa = PBXBuildFile; fileRef = B42B3F3929E9CEC300D89693 /* Main.storyboard */; };
		B42B3F3D29E9CEC400D89693 /* Assets.xcassets in Resources */ = {isa = PBXBuildFile; fileRef = B42B3F3C29E9CEC400D89693 /* Assets.xcassets */; };
		B42B3F4029E9CEC400D89693 /* LaunchScreen.storyboard in Resources */ = {isa = PBXBuildFile; fileRef = B42B3F3E29E9CEC400D89693 /* LaunchScreen.storyboard */; };
		B42B3F4B29E9CEC400D89693 /* AnotherWeatherAppTests.swift in Sources */ = {isa = PBXBuildFile; fileRef = B42B3F4A29E9CEC400D89693 /* AnotherWeatherAppTests.swift */; };
		B42B3F5529E9CEC400D89693 /* AnotherWeatherAppUITests.swift in Sources */ = {isa = PBXBuildFile; fileRef = B42B3F5429E9CEC400D89693 /* AnotherWeatherAppUITests.swift */; };
		B42B3F5729E9CEC400D89693 /* AnotherWeatherAppUITestsLaunchTests.swift in Sources */ = {isa = PBXBuildFile; fileRef = B42B3F5629E9CEC400D89693 /* AnotherWeatherAppUITestsLaunchTests.swift */; };
		B42B3F6629E9E0C900D89693 /* WMOCodeTranslator.swift in Sources */ = {isa = PBXBuildFile; fileRef = B42B3F6529E9E0C900D89693 /* WMOCodeTranslator.swift */; };
		B42B3F6929EADB4600D89693 /* Alamofire in Frameworks */ = {isa = PBXBuildFile; productRef = B42B3F6829EADB4600D89693 /* Alamofire */; };
		B42B3F6C29EB4B6300D89693 /* RxCocoa in Frameworks */ = {isa = PBXBuildFile; productRef = B42B3F6B29EB4B6300D89693 /* RxCocoa */; };
		B42B3F6E29EB4B6300D89693 /* RxSwift in Frameworks */ = {isa = PBXBuildFile; productRef = B42B3F6D29EB4B6300D89693 /* RxSwift */; };
		B42B3F7129EC251900D89693 /* Realm in Frameworks */ = {isa = PBXBuildFile; productRef = B42B3F7029EC251900D89693 /* Realm */; };
		B42B3F7329EC251900D89693 /* RealmSwift in Frameworks */ = {isa = PBXBuildFile; productRef = B42B3F7229EC251900D89693 /* RealmSwift */; };
		B42B3F7629EC256D00D89693 /* City.swift in Sources */ = {isa = PBXBuildFile; fileRef = B42B3F7529EC256D00D89693 /* City.swift */; };
		B42B3F7829EC2B4300D89693 /* CityQuery.swift in Sources */ = {isa = PBXBuildFile; fileRef = B42B3F7729EC2B4300D89693 /* CityQuery.swift */; };
		B42B3F7A29EC2EC700D89693 /* OpenMeteoAPI.swift in Sources */ = {isa = PBXBuildFile; fileRef = B42B3F7929EC2EC700D89693 /* OpenMeteoAPI.swift */; };
		B42B3F7C29EC6A1400D89693 /* WeatherDetailsViewController.swift in Sources */ = {isa = PBXBuildFile; fileRef = B42B3F7B29EC6A1400D89693 /* WeatherDetailsViewController.swift */; };
		B42B3F7E29EC6FA200D89693 /* HourlyWeatherResponse.swift in Sources */ = {isa = PBXBuildFile; fileRef = B42B3F7D29EC6FA200D89693 /* HourlyWeatherResponse.swift */; };
		B42B3F8029EC842500D89693 /* WeatherDetailsViewModel.swift in Sources */ = {isa = PBXBuildFile; fileRef = B42B3F7F29EC842500D89693 /* WeatherDetailsViewModel.swift */; };
		B42B3F8229EC853B00D89693 /* HourlyForecast.swift in Sources */ = {isa = PBXBuildFile; fileRef = B42B3F8129EC853B00D89693 /* HourlyForecast.swift */; };
		B42B3F8429EC881A00D89693 /* SearchViewModel.swift in Sources */ = {isa = PBXBuildFile; fileRef = B42B3F8329EC881900D89693 /* SearchViewModel.swift */; };
/* End PBXBuildFile section */

/* Begin PBXContainerItemProxy section */
		B42B3F4729E9CEC400D89693 /* PBXContainerItemProxy */ = {
			isa = PBXContainerItemProxy;
			containerPortal = B42B3F2829E9CEC300D89693 /* Project object */;
			proxyType = 1;
			remoteGlobalIDString = B42B3F2F29E9CEC300D89693;
			remoteInfo = AnotherWeatherApp;
		};
		B42B3F5129E9CEC400D89693 /* PBXContainerItemProxy */ = {
			isa = PBXContainerItemProxy;
			containerPortal = B42B3F2829E9CEC300D89693 /* Project object */;
			proxyType = 1;
			remoteGlobalIDString = B42B3F2F29E9CEC300D89693;
			remoteInfo = AnotherWeatherApp;
		};
/* End PBXContainerItemProxy section */

/* Begin PBXFileReference section */
		B4251CC529EC910A006FB517 /* SavedSearchesDatabase.swift */ = {isa = PBXFileReference; lastKnownFileType = sourcecode.swift; path = SavedSearchesDatabase.swift; sourceTree = "<group>"; };
		B4251CC729EDE0CF006FB517 /* HourlyWeatherCell.swift */ = {isa = PBXFileReference; lastKnownFileType = sourcecode.swift; path = HourlyWeatherCell.swift; sourceTree = "<group>"; };
		B4251CC929EF4050006FB517 /* DailyForecastCell.swift */ = {isa = PBXFileReference; lastKnownFileType = sourcecode.swift; path = DailyForecastCell.swift; sourceTree = "<group>"; };
		B4251CCB29F08086006FB517 /* DailyWeatherResponse.swift */ = {isa = PBXFileReference; lastKnownFileType = sourcecode.swift; path = DailyWeatherResponse.swift; sourceTree = "<group>"; };
		B4251CCD29F080B7006FB517 /* DailyForecast.swift */ = {isa = PBXFileReference; lastKnownFileType = sourcecode.swift; path = DailyForecast.swift; sourceTree = "<group>"; };
		B42B3F3029E9CEC300D89693 /* AnotherWeatherApp.app */ = {isa = PBXFileReference; explicitFileType = wrapper.application; includeInIndex = 0; path = AnotherWeatherApp.app; sourceTree = BUILT_PRODUCTS_DIR; };
		B42B3F3329E9CEC300D89693 /* AppDelegate.swift */ = {isa = PBXFileReference; lastKnownFileType = sourcecode.swift; path = AppDelegate.swift; sourceTree = "<group>"; };
		B42B3F3729E9CEC300D89693 /* SearchViewController.swift */ = {isa = PBXFileReference; lastKnownFileType = sourcecode.swift; path = SearchViewController.swift; sourceTree = "<group>"; };
		B42B3F3A29E9CEC300D89693 /* Base */ = {isa = PBXFileReference; lastKnownFileType = file.storyboard; name = Base; path = Base.lproj/Main.storyboard; sourceTree = "<group>"; };
		B42B3F3C29E9CEC400D89693 /* Assets.xcassets */ = {isa = PBXFileReference; lastKnownFileType = folder.assetcatalog; path = Assets.xcassets; sourceTree = "<group>"; };
		B42B3F3F29E9CEC400D89693 /* Base */ = {isa = PBXFileReference; lastKnownFileType = file.storyboard; name = Base; path = Base.lproj/LaunchScreen.storyboard; sourceTree = "<group>"; };
		B42B3F4129E9CEC400D89693 /* Info.plist */ = {isa = PBXFileReference; lastKnownFileType = text.plist.xml; path = Info.plist; sourceTree = "<group>"; };
		B42B3F4629E9CEC400D89693 /* AnotherWeatherAppTests.xctest */ = {isa = PBXFileReference; explicitFileType = wrapper.cfbundle; includeInIndex = 0; path = AnotherWeatherAppTests.xctest; sourceTree = BUILT_PRODUCTS_DIR; };
		B42B3F4A29E9CEC400D89693 /* AnotherWeatherAppTests.swift */ = {isa = PBXFileReference; lastKnownFileType = sourcecode.swift; path = AnotherWeatherAppTests.swift; sourceTree = "<group>"; };
		B42B3F5029E9CEC400D89693 /* AnotherWeatherAppUITests.xctest */ = {isa = PBXFileReference; explicitFileType = wrapper.cfbundle; includeInIndex = 0; path = AnotherWeatherAppUITests.xctest; sourceTree = BUILT_PRODUCTS_DIR; };
		B42B3F5429E9CEC400D89693 /* AnotherWeatherAppUITests.swift */ = {isa = PBXFileReference; lastKnownFileType = sourcecode.swift; path = AnotherWeatherAppUITests.swift; sourceTree = "<group>"; };
		B42B3F5629E9CEC400D89693 /* AnotherWeatherAppUITestsLaunchTests.swift */ = {isa = PBXFileReference; lastKnownFileType = sourcecode.swift; path = AnotherWeatherAppUITestsLaunchTests.swift; sourceTree = "<group>"; };
		B42B3F6529E9E0C900D89693 /* WMOCodeTranslator.swift */ = {isa = PBXFileReference; lastKnownFileType = sourcecode.swift; path = WMOCodeTranslator.swift; sourceTree = "<group>"; };
		B42B3F7529EC256D00D89693 /* City.swift */ = {isa = PBXFileReference; lastKnownFileType = sourcecode.swift; path = City.swift; sourceTree = "<group>"; };
		B42B3F7729EC2B4300D89693 /* CityQuery.swift */ = {isa = PBXFileReference; lastKnownFileType = sourcecode.swift; path = CityQuery.swift; sourceTree = "<group>"; };
		B42B3F7929EC2EC700D89693 /* OpenMeteoAPI.swift */ = {isa = PBXFileReference; lastKnownFileType = sourcecode.swift; path = OpenMeteoAPI.swift; sourceTree = "<group>"; };
		B42B3F7B29EC6A1400D89693 /* WeatherDetailsViewController.swift */ = {isa = PBXFileReference; lastKnownFileType = sourcecode.swift; path = WeatherDetailsViewController.swift; sourceTree = "<group>"; };
		B42B3F7D29EC6FA200D89693 /* HourlyWeatherResponse.swift */ = {isa = PBXFileReference; lastKnownFileType = sourcecode.swift; path = HourlyWeatherResponse.swift; sourceTree = "<group>"; };
		B42B3F7F29EC842500D89693 /* WeatherDetailsViewModel.swift */ = {isa = PBXFileReference; lastKnownFileType = sourcecode.swift; path = WeatherDetailsViewModel.swift; sourceTree = "<group>"; };
		B42B3F8129EC853B00D89693 /* HourlyForecast.swift */ = {isa = PBXFileReference; lastKnownFileType = sourcecode.swift; path = HourlyForecast.swift; sourceTree = "<group>"; };
		B42B3F8329EC881900D89693 /* SearchViewModel.swift */ = {isa = PBXFileReference; lastKnownFileType = sourcecode.swift; path = SearchViewModel.swift; sourceTree = "<group>"; };
/* End PBXFileReference section */

/* Begin PBXFrameworksBuildPhase section */
		B42B3F2D29E9CEC300D89693 /* Frameworks */ = {
			isa = PBXFrameworksBuildPhase;
			buildActionMask = 2147483647;
			files = (
				B42B3F6E29EB4B6300D89693 /* RxSwift in Frameworks */,
				B42B3F6C29EB4B6300D89693 /* RxCocoa in Frameworks */,
				B42B3F7129EC251900D89693 /* Realm in Frameworks */,
				B42B3F7329EC251900D89693 /* RealmSwift in Frameworks */,
				B42B3F6929EADB4600D89693 /* Alamofire in Frameworks */,
			);
			runOnlyForDeploymentPostprocessing = 0;
		};
		B42B3F4329E9CEC400D89693 /* Frameworks */ = {
			isa = PBXFrameworksBuildPhase;
			buildActionMask = 2147483647;
			files = (
			);
			runOnlyForDeploymentPostprocessing = 0;
		};
		B42B3F4D29E9CEC400D89693 /* Frameworks */ = {
			isa = PBXFrameworksBuildPhase;
			buildActionMask = 2147483647;
			files = (
			);
			runOnlyForDeploymentPostprocessing = 0;
		};
/* End PBXFrameworksBuildPhase section */

/* Begin PBXGroup section */
		B4251CC329EC9050006FB517 /* ViewModels */ = {
			isa = PBXGroup;
			children = (
				B42B3F7F29EC842500D89693 /* WeatherDetailsViewModel.swift */,
				B42B3F8329EC881900D89693 /* SearchViewModel.swift */,
			);
			path = ViewModels;
			sourceTree = "<group>";
		};
		B4251CC429EC905C006FB517 /* ViewControllers */ = {
			isa = PBXGroup;
			children = (
				B42B3F3729E9CEC300D89693 /* SearchViewController.swift */,
				B42B3F7B29EC6A1400D89693 /* WeatherDetailsViewController.swift */,
			);
			path = ViewControllers;
			sourceTree = "<group>";
		};
		B42B3F2729E9CEC300D89693 = {
			isa = PBXGroup;
			children = (
				B42B3F3229E9CEC300D89693 /* AnotherWeatherApp */,
				B42B3F4929E9CEC400D89693 /* AnotherWeatherAppTests */,
				B42B3F5329E9CEC400D89693 /* AnotherWeatherAppUITests */,
				B42B3F3129E9CEC300D89693 /* Products */,
			);
			sourceTree = "<group>";
		};
		B42B3F3129E9CEC300D89693 /* Products */ = {
			isa = PBXGroup;
			children = (
				B42B3F3029E9CEC300D89693 /* AnotherWeatherApp.app */,
				B42B3F4629E9CEC400D89693 /* AnotherWeatherAppTests.xctest */,
				B42B3F5029E9CEC400D89693 /* AnotherWeatherAppUITests.xctest */,
			);
			name = Products;
			sourceTree = "<group>";
		};
		B42B3F3229E9CEC300D89693 /* AnotherWeatherApp */ = {
			isa = PBXGroup;
			children = (
				B4251CC429EC905C006FB517 /* ViewControllers */,
				B4251CC329EC9050006FB517 /* ViewModels */,
				B42B3F7429EC254200D89693 /* Models */,
				B42B3F3329E9CEC300D89693 /* AppDelegate.swift */,
				B42B3F3929E9CEC300D89693 /* Main.storyboard */,
				B42B3F3C29E9CEC400D89693 /* Assets.xcassets */,
				B42B3F3E29E9CEC400D89693 /* LaunchScreen.storyboard */,
				B42B3F4129E9CEC400D89693 /* Info.plist */,
				B42B3F6529E9E0C900D89693 /* WMOCodeTranslator.swift */,
				B42B3F7929EC2EC700D89693 /* OpenMeteoAPI.swift */,
				B4251CC529EC910A006FB517 /* SavedSearchesDatabase.swift */,
				B4251CC729EDE0CF006FB517 /* HourlyWeatherCell.swift */,
				B4251CC929EF4050006FB517 /* DailyForecastCell.swift */,
			);
			path = AnotherWeatherApp;
			sourceTree = "<group>";
		};
		B42B3F4929E9CEC400D89693 /* AnotherWeatherAppTests */ = {
			isa = PBXGroup;
			children = (
				B42B3F4A29E9CEC400D89693 /* AnotherWeatherAppTests.swift */,
			);
			path = AnotherWeatherAppTests;
			sourceTree = "<group>";
		};
		B42B3F5329E9CEC400D89693 /* AnotherWeatherAppUITests */ = {
			isa = PBXGroup;
			children = (
				B42B3F5429E9CEC400D89693 /* AnotherWeatherAppUITests.swift */,
				B42B3F5629E9CEC400D89693 /* AnotherWeatherAppUITestsLaunchTests.swift */,
			);
			path = AnotherWeatherAppUITests;
			sourceTree = "<group>";
		};
		B42B3F7429EC254200D89693 /* Models */ = {
			isa = PBXGroup;
			children = (
				B42B3F7529EC256D00D89693 /* City.swift */,
				B42B3F7729EC2B4300D89693 /* CityQuery.swift */,
				B42B3F7D29EC6FA200D89693 /* HourlyWeatherResponse.swift */,
				B4251CCB29F08086006FB517 /* DailyWeatherResponse.swift */,
				B42B3F8129EC853B00D89693 /* HourlyForecast.swift */,
				B4251CCD29F080B7006FB517 /* DailyForecast.swift */,
			);
			path = Models;
			sourceTree = "<group>";
		};
/* End PBXGroup section */

/* Begin PBXNativeTarget section */
		B42B3F2F29E9CEC300D89693 /* AnotherWeatherApp */ = {
			isa = PBXNativeTarget;
			buildConfigurationList = B42B3F5A29E9CEC400D89693 /* Build configuration list for PBXNativeTarget "AnotherWeatherApp" */;
			buildPhases = (
				B42B3F2C29E9CEC300D89693 /* Sources */,
				B42B3F2D29E9CEC300D89693 /* Frameworks */,
				B42B3F2E29E9CEC300D89693 /* Resources */,
			);
			buildRules = (
			);
			dependencies = (
			);
			name = AnotherWeatherApp;
			packageProductDependencies = (
				B42B3F6829EADB4600D89693 /* Alamofire */,
				B42B3F6B29EB4B6300D89693 /* RxCocoa */,
				B42B3F6D29EB4B6300D89693 /* RxSwift */,
				B42B3F7029EC251900D89693 /* Realm */,
				B42B3F7229EC251900D89693 /* RealmSwift */,
			);
			productName = AnotherWeatherApp;
			productReference = B42B3F3029E9CEC300D89693 /* AnotherWeatherApp.app */;
			productType = "com.apple.product-type.application";
		};
		B42B3F4529E9CEC400D89693 /* AnotherWeatherAppTests */ = {
			isa = PBXNativeTarget;
			buildConfigurationList = B42B3F5D29E9CEC400D89693 /* Build configuration list for PBXNativeTarget "AnotherWeatherAppTests" */;
			buildPhases = (
				B42B3F4229E9CEC400D89693 /* Sources */,
				B42B3F4329E9CEC400D89693 /* Frameworks */,
				B42B3F4429E9CEC400D89693 /* Resources */,
			);
			buildRules = (
			);
			dependencies = (
				B42B3F4829E9CEC400D89693 /* PBXTargetDependency */,
			);
			name = AnotherWeatherAppTests;
			productName = AnotherWeatherAppTests;
			productReference = B42B3F4629E9CEC400D89693 /* AnotherWeatherAppTests.xctest */;
			productType = "com.apple.product-type.bundle.unit-test";
		};
		B42B3F4F29E9CEC400D89693 /* AnotherWeatherAppUITests */ = {
			isa = PBXNativeTarget;
			buildConfigurationList = B42B3F6029E9CEC400D89693 /* Build configuration list for PBXNativeTarget "AnotherWeatherAppUITests" */;
			buildPhases = (
				B42B3F4C29E9CEC400D89693 /* Sources */,
				B42B3F4D29E9CEC400D89693 /* Frameworks */,
				B42B3F4E29E9CEC400D89693 /* Resources */,
			);
			buildRules = (
			);
			dependencies = (
				B42B3F5229E9CEC400D89693 /* PBXTargetDependency */,
			);
			name = AnotherWeatherAppUITests;
			productName = AnotherWeatherAppUITests;
			productReference = B42B3F5029E9CEC400D89693 /* AnotherWeatherAppUITests.xctest */;
			productType = "com.apple.product-type.bundle.ui-testing";
		};
/* End PBXNativeTarget section */

/* Begin PBXProject section */
		B42B3F2829E9CEC300D89693 /* Project object */ = {
			isa = PBXProject;
			attributes = {
				BuildIndependentTargetsInParallel = 1;
				LastSwiftUpdateCheck = 1400;
				LastUpgradeCheck = 1400;
				TargetAttributes = {
					B42B3F2F29E9CEC300D89693 = {
						CreatedOnToolsVersion = 14.0.1;
					};
					B42B3F4529E9CEC400D89693 = {
						CreatedOnToolsVersion = 14.0.1;
						TestTargetID = B42B3F2F29E9CEC300D89693;
					};
					B42B3F4F29E9CEC400D89693 = {
						CreatedOnToolsVersion = 14.0.1;
						TestTargetID = B42B3F2F29E9CEC300D89693;
					};
				};
			};
			buildConfigurationList = B42B3F2B29E9CEC300D89693 /* Build configuration list for PBXProject "AnotherWeatherApp" */;
			compatibilityVersion = "Xcode 14.0";
			developmentRegion = en;
			hasScannedForEncodings = 0;
			knownRegions = (
				en,
				Base,
			);
			mainGroup = B42B3F2729E9CEC300D89693;
			packageReferences = (
				B42B3F6729EADB4600D89693 /* XCRemoteSwiftPackageReference "Alamofire" */,
				B42B3F6A29EB4B6300D89693 /* XCRemoteSwiftPackageReference "RxSwift" */,
				B42B3F6F29EC251900D89693 /* XCRemoteSwiftPackageReference "realm-swift" */,
			);
			productRefGroup = B42B3F3129E9CEC300D89693 /* Products */;
			projectDirPath = "";
			projectRoot = "";
			targets = (
				B42B3F2F29E9CEC300D89693 /* AnotherWeatherApp */,
				B42B3F4529E9CEC400D89693 /* AnotherWeatherAppTests */,
				B42B3F4F29E9CEC400D89693 /* AnotherWeatherAppUITests */,
			);
		};
/* End PBXProject section */

/* Begin PBXResourcesBuildPhase section */
		B42B3F2E29E9CEC300D89693 /* Resources */ = {
			isa = PBXResourcesBuildPhase;
			buildActionMask = 2147483647;
			files = (
				B42B3F4029E9CEC400D89693 /* LaunchScreen.storyboard in Resources */,
				B42B3F3D29E9CEC400D89693 /* Assets.xcassets in Resources */,
				B42B3F3B29E9CEC300D89693 /* Main.storyboard in Resources */,
			);
			runOnlyForDeploymentPostprocessing = 0;
		};
		B42B3F4429E9CEC400D89693 /* Resources */ = {
			isa = PBXResourcesBuildPhase;
			buildActionMask = 2147483647;
			files = (
			);
			runOnlyForDeploymentPostprocessing = 0;
		};
		B42B3F4E29E9CEC400D89693 /* Resources */ = {
			isa = PBXResourcesBuildPhase;
			buildActionMask = 2147483647;
			files = (
			);
			runOnlyForDeploymentPostprocessing = 0;
		};
/* End PBXResourcesBuildPhase section */

/* Begin PBXSourcesBuildPhase section */
		B42B3F2C29E9CEC300D89693 /* Sources */ = {
			isa = PBXSourcesBuildPhase;
			buildActionMask = 2147483647;
			files = (
				B42B3F8429EC881A00D89693 /* SearchViewModel.swift in Sources */,
				B4251CC829EDE0CF006FB517 /* HourlyWeatherCell.swift in Sources */,
				B42B3F3829E9CEC300D89693 /* SearchViewController.swift in Sources */,
				B42B3F7829EC2B4300D89693 /* CityQuery.swift in Sources */,
				B4251CC629EC910A006FB517 /* SavedSearchesDatabase.swift in Sources */,
				B4251CCC29F08086006FB517 /* DailyWeatherResponse.swift in Sources */,
				B42B3F6629E9E0C900D89693 /* WMOCodeTranslator.swift in Sources */,
				B4251CCA29EF4050006FB517 /* DailyForecastCell.swift in Sources */,
				B4251CCE29F080B7006FB517 /* DailyForecast.swift in Sources */,
				B42B3F7629EC256D00D89693 /* City.swift in Sources */,
				B42B3F3429E9CEC300D89693 /* AppDelegate.swift in Sources */,
				B42B3F8029EC842500D89693 /* WeatherDetailsViewModel.swift in Sources */,
				B42B3F7C29EC6A1400D89693 /* WeatherDetailsViewController.swift in Sources */,
				B42B3F8229EC853B00D89693 /* HourlyForecast.swift in Sources */,
				B42B3F7A29EC2EC700D89693 /* OpenMeteoAPI.swift in Sources */,
				B42B3F7E29EC6FA200D89693 /* HourlyWeatherResponse.swift in Sources */,
			);
			runOnlyForDeploymentPostprocessing = 0;
		};
		B42B3F4229E9CEC400D89693 /* Sources */ = {
			isa = PBXSourcesBuildPhase;
			buildActionMask = 2147483647;
			files = (
				B42B3F4B29E9CEC400D89693 /* AnotherWeatherAppTests.swift in Sources */,
			);
			runOnlyForDeploymentPostprocessing = 0;
		};
		B42B3F4C29E9CEC400D89693 /* Sources */ = {
			isa = PBXSourcesBuildPhase;
			buildActionMask = 2147483647;
			files = (
				B42B3F5529E9CEC400D89693 /* AnotherWeatherAppUITests.swift in Sources */,
				B42B3F5729E9CEC400D89693 /* AnotherWeatherAppUITestsLaunchTests.swift in Sources */,
			);
			runOnlyForDeploymentPostprocessing = 0;
		};
/* End PBXSourcesBuildPhase section */

/* Begin PBXTargetDependency section */
		B42B3F4829E9CEC400D89693 /* PBXTargetDependency */ = {
			isa = PBXTargetDependency;
			target = B42B3F2F29E9CEC300D89693 /* AnotherWeatherApp */;
			targetProxy = B42B3F4729E9CEC400D89693 /* PBXContainerItemProxy */;
		};
		B42B3F5229E9CEC400D89693 /* PBXTargetDependency */ = {
			isa = PBXTargetDependency;
			target = B42B3F2F29E9CEC300D89693 /* AnotherWeatherApp */;
			targetProxy = B42B3F5129E9CEC400D89693 /* PBXContainerItemProxy */;
		};
/* End PBXTargetDependency section */

/* Begin PBXVariantGroup section */
		B42B3F3929E9CEC300D89693 /* Main.storyboard */ = {
			isa = PBXVariantGroup;
			children = (
				B42B3F3A29E9CEC300D89693 /* Base */,
			);
			name = Main.storyboard;
			sourceTree = "<group>";
		};
		B42B3F3E29E9CEC400D89693 /* LaunchScreen.storyboard */ = {
			isa = PBXVariantGroup;
			children = (
				B42B3F3F29E9CEC400D89693 /* Base */,
			);
			name = LaunchScreen.storyboard;
			sourceTree = "<group>";
		};
/* End PBXVariantGroup section */

/* Begin XCBuildConfiguration section */
		B42B3F5829E9CEC400D89693 /* Debug */ = {
			isa = XCBuildConfiguration;
			buildSettings = {
				ALWAYS_SEARCH_USER_PATHS = NO;
				CLANG_ANALYZER_NONNULL = YES;
				CLANG_ANALYZER_NUMBER_OBJECT_CONVERSION = YES_AGGRESSIVE;
				CLANG_CXX_LANGUAGE_STANDARD = "gnu++20";
				CLANG_ENABLE_MODULES = YES;
				CLANG_ENABLE_OBJC_ARC = YES;
				CLANG_ENABLE_OBJC_WEAK = YES;
				CLANG_WARN_BLOCK_CAPTURE_AUTORELEASING = YES;
				CLANG_WARN_BOOL_CONVERSION = YES;
				CLANG_WARN_COMMA = YES;
				CLANG_WARN_CONSTANT_CONVERSION = YES;
				CLANG_WARN_DEPRECATED_OBJC_IMPLEMENTATIONS = YES;
				CLANG_WARN_DIRECT_OBJC_ISA_USAGE = YES_ERROR;
				CLANG_WARN_DOCUMENTATION_COMMENTS = YES;
				CLANG_WARN_EMPTY_BODY = YES;
				CLANG_WARN_ENUM_CONVERSION = YES;
				CLANG_WARN_INFINITE_RECURSION = YES;
				CLANG_WARN_INT_CONVERSION = YES;
				CLANG_WARN_NON_LITERAL_NULL_CONVERSION = YES;
				CLANG_WARN_OBJC_IMPLICIT_RETAIN_SELF = YES;
				CLANG_WARN_OBJC_LITERAL_CONVERSION = YES;
				CLANG_WARN_OBJC_ROOT_CLASS = YES_ERROR;
				CLANG_WARN_QUOTED_INCLUDE_IN_FRAMEWORK_HEADER = YES;
				CLANG_WARN_RANGE_LOOP_ANALYSIS = YES;
				CLANG_WARN_STRICT_PROTOTYPES = YES;
				CLANG_WARN_SUSPICIOUS_MOVE = YES;
				CLANG_WARN_UNGUARDED_AVAILABILITY = YES_AGGRESSIVE;
				CLANG_WARN_UNREACHABLE_CODE = YES;
				CLANG_WARN__DUPLICATE_METHOD_MATCH = YES;
				COPY_PHASE_STRIP = NO;
				DEBUG_INFORMATION_FORMAT = dwarf;
				ENABLE_STRICT_OBJC_MSGSEND = YES;
				ENABLE_TESTABILITY = YES;
				GCC_C_LANGUAGE_STANDARD = gnu11;
				GCC_DYNAMIC_NO_PIC = NO;
				GCC_NO_COMMON_BLOCKS = YES;
				GCC_OPTIMIZATION_LEVEL = 0;
				GCC_PREPROCESSOR_DEFINITIONS = (
					"DEBUG=1",
					"$(inherited)",
				);
				GCC_WARN_64_TO_32_BIT_CONVERSION = YES;
				GCC_WARN_ABOUT_RETURN_TYPE = YES_ERROR;
				GCC_WARN_UNDECLARED_SELECTOR = YES;
				GCC_WARN_UNINITIALIZED_AUTOS = YES_AGGRESSIVE;
				GCC_WARN_UNUSED_FUNCTION = YES;
				GCC_WARN_UNUSED_VARIABLE = YES;
				IPHONEOS_DEPLOYMENT_TARGET = 16.0;
				MTL_ENABLE_DEBUG_INFO = INCLUDE_SOURCE;
				MTL_FAST_MATH = YES;
				ONLY_ACTIVE_ARCH = YES;
				SDKROOT = iphoneos;
				SWIFT_ACTIVE_COMPILATION_CONDITIONS = DEBUG;
				SWIFT_OPTIMIZATION_LEVEL = "-Onone";
			};
			name = Debug;
		};
		B42B3F5929E9CEC400D89693 /* Release */ = {
			isa = XCBuildConfiguration;
			buildSettings = {
				ALWAYS_SEARCH_USER_PATHS = NO;
				CLANG_ANALYZER_NONNULL = YES;
				CLANG_ANALYZER_NUMBER_OBJECT_CONVERSION = YES_AGGRESSIVE;
				CLANG_CXX_LANGUAGE_STANDARD = "gnu++20";
				CLANG_ENABLE_MODULES = YES;
				CLANG_ENABLE_OBJC_ARC = YES;
				CLANG_ENABLE_OBJC_WEAK = YES;
				CLANG_WARN_BLOCK_CAPTURE_AUTORELEASING = YES;
				CLANG_WARN_BOOL_CONVERSION = YES;
				CLANG_WARN_COMMA = YES;
				CLANG_WARN_CONSTANT_CONVERSION = YES;
				CLANG_WARN_DEPRECATED_OBJC_IMPLEMENTATIONS = YES;
				CLANG_WARN_DIRECT_OBJC_ISA_USAGE = YES_ERROR;
				CLANG_WARN_DOCUMENTATION_COMMENTS = YES;
				CLANG_WARN_EMPTY_BODY = YES;
				CLANG_WARN_ENUM_CONVERSION = YES;
				CLANG_WARN_INFINITE_RECURSION = YES;
				CLANG_WARN_INT_CONVERSION = YES;
				CLANG_WARN_NON_LITERAL_NULL_CONVERSION = YES;
				CLANG_WARN_OBJC_IMPLICIT_RETAIN_SELF = YES;
				CLANG_WARN_OBJC_LITERAL_CONVERSION = YES;
				CLANG_WARN_OBJC_ROOT_CLASS = YES_ERROR;
				CLANG_WARN_QUOTED_INCLUDE_IN_FRAMEWORK_HEADER = YES;
				CLANG_WARN_RANGE_LOOP_ANALYSIS = YES;
				CLANG_WARN_STRICT_PROTOTYPES = YES;
				CLANG_WARN_SUSPICIOUS_MOVE = YES;
				CLANG_WARN_UNGUARDED_AVAILABILITY = YES_AGGRESSIVE;
				CLANG_WARN_UNREACHABLE_CODE = YES;
				CLANG_WARN__DUPLICATE_METHOD_MATCH = YES;
				COPY_PHASE_STRIP = NO;
				DEBUG_INFORMATION_FORMAT = "dwarf-with-dsym";
				ENABLE_NS_ASSERTIONS = NO;
				ENABLE_STRICT_OBJC_MSGSEND = YES;
				GCC_C_LANGUAGE_STANDARD = gnu11;
				GCC_NO_COMMON_BLOCKS = YES;
				GCC_WARN_64_TO_32_BIT_CONVERSION = YES;
				GCC_WARN_ABOUT_RETURN_TYPE = YES_ERROR;
				GCC_WARN_UNDECLARED_SELECTOR = YES;
				GCC_WARN_UNINITIALIZED_AUTOS = YES_AGGRESSIVE;
				GCC_WARN_UNUSED_FUNCTION = YES;
				GCC_WARN_UNUSED_VARIABLE = YES;
				IPHONEOS_DEPLOYMENT_TARGET = 16.0;
				MTL_ENABLE_DEBUG_INFO = NO;
				MTL_FAST_MATH = YES;
				SDKROOT = iphoneos;
				SWIFT_COMPILATION_MODE = wholemodule;
				SWIFT_OPTIMIZATION_LEVEL = "-O";
				VALIDATE_PRODUCT = YES;
			};
			name = Release;
		};
		B42B3F5B29E9CEC400D89693 /* Debug */ = {
			isa = XCBuildConfiguration;
			buildSettings = {
				ASSETCATALOG_COMPILER_APPICON_NAME = AppIcon;
				ASSETCATALOG_COMPILER_GLOBAL_ACCENT_COLOR_NAME = AccentColor;
				CODE_SIGN_STYLE = Automatic;
				CURRENT_PROJECT_VERSION = 1;
				DEVELOPMENT_TEAM = JG68BSYM6M;
				GENERATE_INFOPLIST_FILE = YES;
				INFOPLIST_FILE = AnotherWeatherApp/Info.plist;
				INFOPLIST_KEY_UIApplicationSupportsIndirectInputEvents = YES;
				INFOPLIST_KEY_UILaunchStoryboardName = LaunchScreen;
				INFOPLIST_KEY_UIMainStoryboardFile = Main;
				INFOPLIST_KEY_UISupportedInterfaceOrientations_iPad = "UIInterfaceOrientationPortrait UIInterfaceOrientationPortraitUpsideDown UIInterfaceOrientationLandscapeLeft UIInterfaceOrientationLandscapeRight";
				INFOPLIST_KEY_UISupportedInterfaceOrientations_iPhone = "UIInterfaceOrientationPortrait UIInterfaceOrientationLandscapeLeft UIInterfaceOrientationLandscapeRight";
				INFOPLIST_KEY_UIUserInterfaceStyle = Light;
				IPHONEOS_DEPLOYMENT_TARGET = 11.0;
				LD_RUNPATH_SEARCH_PATHS = (
					"$(inherited)",
					"@executable_path/Frameworks",
				);
				MARKETING_VERSION = 1.0;
				PRODUCT_BUNDLE_IDENTIFIER = com.example.AnotherWeatherApp;
				PRODUCT_NAME = "$(TARGET_NAME)";
				SWIFT_EMIT_LOC_STRINGS = YES;
				SWIFT_VERSION = 5.0;
				TARGETED_DEVICE_FAMILY = "1,2";
			};
			name = Debug;
		};
		B42B3F5C29E9CEC400D89693 /* Release */ = {
			isa = XCBuildConfiguration;
			buildSettings = {
				ASSETCATALOG_COMPILER_APPICON_NAME = AppIcon;
				ASSETCATALOG_COMPILER_GLOBAL_ACCENT_COLOR_NAME = AccentColor;
				CODE_SIGN_STYLE = Automatic;
				CURRENT_PROJECT_VERSION = 1;
				DEVELOPMENT_TEAM = JG68BSYM6M;
				GENERATE_INFOPLIST_FILE = YES;
				INFOPLIST_FILE = AnotherWeatherApp/Info.plist;
				INFOPLIST_KEY_UIApplicationSupportsIndirectInputEvents = YES;
				INFOPLIST_KEY_UILaunchStoryboardName = LaunchScreen;
				INFOPLIST_KEY_UIMainStoryboardFile = Main;
				INFOPLIST_KEY_UISupportedInterfaceOrientations_iPad = "UIInterfaceOrientationPortrait UIInterfaceOrientationPortraitUpsideDown UIInterfaceOrientationLandscapeLeft UIInterfaceOrientationLandscapeRight";
				INFOPLIST_KEY_UISupportedInterfaceOrientations_iPhone = "UIInterfaceOrientationPortrait UIInterfaceOrientationLandscapeLeft UIInterfaceOrientationLandscapeRight";
				INFOPLIST_KEY_UIUserInterfaceStyle = Light;
				IPHONEOS_DEPLOYMENT_TARGET = 11.0;
				LD_RUNPATH_SEARCH_PATHS = (
					"$(inherited)",
					"@executable_path/Frameworks",
				);
				MARKETING_VERSION = 1.0;
				PRODUCT_BUNDLE_IDENTIFIER = com.example.AnotherWeatherApp;
				PRODUCT_NAME = "$(TARGET_NAME)";
				SWIFT_EMIT_LOC_STRINGS = YES;
				SWIFT_VERSION = 5.0;
				TARGETED_DEVICE_FAMILY = "1,2";
			};
			name = Release;
		};
		B42B3F5E29E9CEC400D89693 /* Debug */ = {
			isa = XCBuildConfiguration;
			buildSettings = {
				ALWAYS_EMBED_SWIFT_STANDARD_LIBRARIES = YES;
				BUNDLE_LOADER = "$(TEST_HOST)";
				CODE_SIGN_STYLE = Automatic;
				CURRENT_PROJECT_VERSION = 1;
				DEVELOPMENT_TEAM = JG68BSYM6M;
				GENERATE_INFOPLIST_FILE = YES;
				IPHONEOS_DEPLOYMENT_TARGET = 16.0;
				MARKETING_VERSION = 1.0;
				PRODUCT_BUNDLE_IDENTIFIER = com.example.AnotherWeatherAppTests;
				PRODUCT_NAME = "$(TARGET_NAME)";
				SWIFT_EMIT_LOC_STRINGS = NO;
				SWIFT_VERSION = 5.0;
				TARGETED_DEVICE_FAMILY = "1,2";
				TEST_HOST = "$(BUILT_PRODUCTS_DIR)/AnotherWeatherApp.app/$(BUNDLE_EXECUTABLE_FOLDER_PATH)/AnotherWeatherApp";
			};
			name = Debug;
		};
		B42B3F5F29E9CEC400D89693 /* Release */ = {
			isa = XCBuildConfiguration;
			buildSettings = {
				ALWAYS_EMBED_SWIFT_STANDARD_LIBRARIES = YES;
				BUNDLE_LOADER = "$(TEST_HOST)";
				CODE_SIGN_STYLE = Automatic;
				CURRENT_PROJECT_VERSION = 1;
				DEVELOPMENT_TEAM = JG68BSYM6M;
				GENERATE_INFOPLIST_FILE = YES;
				IPHONEOS_DEPLOYMENT_TARGET = 16.0;
				MARKETING_VERSION = 1.0;
				PRODUCT_BUNDLE_IDENTIFIER = com.example.AnotherWeatherAppTests;
				PRODUCT_NAME = "$(TARGET_NAME)";
				SWIFT_EMIT_LOC_STRINGS = NO;
				SWIFT_VERSION = 5.0;
				TARGETED_DEVICE_FAMILY = "1,2";
				TEST_HOST = "$(BUILT_PRODUCTS_DIR)/AnotherWeatherApp.app/$(BUNDLE_EXECUTABLE_FOLDER_PATH)/AnotherWeatherApp";
			};
			name = Release;
		};
		B42B3F6129E9CEC400D89693 /* Debug */ = {
			isa = XCBuildConfiguration;
			buildSettings = {
				ALWAYS_EMBED_SWIFT_STANDARD_LIBRARIES = YES;
				CODE_SIGN_STYLE = Automatic;
				CURRENT_PROJECT_VERSION = 1;
				DEVELOPMENT_TEAM = JG68BSYM6M;
				GENERATE_INFOPLIST_FILE = YES;
				MARKETING_VERSION = 1.0;
				PRODUCT_BUNDLE_IDENTIFIER = com.example.AnotherWeatherAppUITests;
				PRODUCT_NAME = "$(TARGET_NAME)";
				SWIFT_EMIT_LOC_STRINGS = NO;
				SWIFT_VERSION = 5.0;
				TARGETED_DEVICE_FAMILY = "1,2";
				TEST_TARGET_NAME = AnotherWeatherApp;
			};
			name = Debug;
		};
		B42B3F6229E9CEC400D89693 /* Release */ = {
			isa = XCBuildConfiguration;
			buildSettings = {
				ALWAYS_EMBED_SWIFT_STANDARD_LIBRARIES = YES;
				CODE_SIGN_STYLE = Automatic;
				CURRENT_PROJECT_VERSION = 1;
				DEVELOPMENT_TEAM = JG68BSYM6M;
				GENERATE_INFOPLIST_FILE = YES;
				MARKETING_VERSION = 1.0;
				PRODUCT_BUNDLE_IDENTIFIER = com.example.AnotherWeatherAppUITests;
				PRODUCT_NAME = "$(TARGET_NAME)";
				SWIFT_EMIT_LOC_STRINGS = NO;
				SWIFT_VERSION = 5.0;
				TARGETED_DEVICE_FAMILY = "1,2";
				TEST_TARGET_NAME = AnotherWeatherApp;
			};
			name = Release;
		};
/* End XCBuildConfiguration section */

/* Begin XCConfigurationList section */
		B42B3F2B29E9CEC300D89693 /* Build configuration list for PBXProject "AnotherWeatherApp" */ = {
			isa = XCConfigurationList;
			buildConfigurations = (
				B42B3F5829E9CEC400D89693 /* Debug */,
				B42B3F5929E9CEC400D89693 /* Release */,
			);
			defaultConfigurationIsVisible = 0;
			defaultConfigurationName = Release;
		};
		B42B3F5A29E9CEC400D89693 /* Build configuration list for PBXNativeTarget "AnotherWeatherApp" */ = {
			isa = XCConfigurationList;
			buildConfigurations = (
				B42B3F5B29E9CEC400D89693 /* Debug */,
				B42B3F5C29E9CEC400D89693 /* Release */,
			);
			defaultConfigurationIsVisible = 0;
			defaultConfigurationName = Release;
		};
		B42B3F5D29E9CEC400D89693 /* Build configuration list for PBXNativeTarget "AnotherWeatherAppTests" */ = {
			isa = XCConfigurationList;
			buildConfigurations = (
				B42B3F5E29E9CEC400D89693 /* Debug */,
				B42B3F5F29E9CEC400D89693 /* Release */,
			);
			defaultConfigurationIsVisible = 0;
			defaultConfigurationName = Release;
		};
		B42B3F6029E9CEC400D89693 /* Build configuration list for PBXNativeTarget "AnotherWeatherAppUITests" */ = {
			isa = XCConfigurationList;
			buildConfigurations = (
				B42B3F6129E9CEC400D89693 /* Debug */,
				B42B3F6229E9CEC400D89693 /* Release */,
			);
			defaultConfigurationIsVisible = 0;
			defaultConfigurationName = Release;
		};
/* End XCConfigurationList section */

/* Begin XCRemoteSwiftPackageReference section */
		B42B3F6729EADB4600D89693 /* XCRemoteSwiftPackageReference "Alamofire" */ = {
			isa = XCRemoteSwiftPackageReference;
			repositoryURL = "https://github.com/Alamofire/Alamofire.git";
			requirement = {
				kind = upToNextMajorVersion;
				minimumVersion = 5.0.0;
			};
		};
		B42B3F6A29EB4B6300D89693 /* XCRemoteSwiftPackageReference "RxSwift" */ = {
			isa = XCRemoteSwiftPackageReference;
			repositoryURL = "https://github.com/ReactiveX/RxSwift.git";
			requirement = {
				kind = upToNextMajorVersion;
				minimumVersion = 6.0.0;
			};
		};
		B42B3F6F29EC251900D89693 /* XCRemoteSwiftPackageReference "realm-swift" */ = {
			isa = XCRemoteSwiftPackageReference;
			repositoryURL = "https://github.com/realm/realm-swift.git";
			requirement = {
				kind = upToNextMajorVersion;
				minimumVersion = 10.38.0;
			};
		};
/* End XCRemoteSwiftPackageReference section */

/* Begin XCSwiftPackageProductDependency section */
		B42B3F6829EADB4600D89693 /* Alamofire */ = {
			isa = XCSwiftPackageProductDependency;
			package = B42B3F6729EADB4600D89693 /* XCRemoteSwiftPackageReference "Alamofire" */;
			productName = Alamofire;
		};
		B42B3F6B29EB4B6300D89693 /* RxCocoa */ = {
			isa = XCSwiftPackageProductDependency;
			package = B42B3F6A29EB4B6300D89693 /* XCRemoteSwiftPackageReference "RxSwift" */;
			productName = RxCocoa;
		};
		B42B3F6D29EB4B6300D89693 /* RxSwift */ = {
			isa = XCSwiftPackageProductDependency;
			package = B42B3F6A29EB4B6300D89693 /* XCRemoteSwiftPackageReference "RxSwift" */;
			productName = RxSwift;
		};
		B42B3F7029EC251900D89693 /* Realm */ = {
			isa = XCSwiftPackageProductDependency;
			package = B42B3F6F29EC251900D89693 /* XCRemoteSwiftPackageReference "realm-swift" */;
			productName = Realm;
		};
		B42B3F7229EC251900D89693 /* RealmSwift */ = {
			isa = XCSwiftPackageProductDependency;
			package = B42B3F6F29EC251900D89693 /* XCRemoteSwiftPackageReference "realm-swift" */;
			productName = RealmSwift;
		};
/* End XCSwiftPackageProductDependency section */
	};
	rootObject = B42B3F2829E9CEC300D89693 /* Project object */;
}
